
Microsoft Visual Studio Solution File, Format Version 12.00
# Visual Studio 14
VisualStudioVersion = 14.0.25420.1
MinimumVisualStudioVersion = 10.0.40219.1
Project("{FAE04EC0-301F-11D3-BF4B-00C04F79EFBC}") = "ERPSchoolUI", "ERPSchoolUI\ERPSchoolUI.csproj", "{24E31082-B768-4B47-B8F7-3AB39027739E}"
EndProject
Project("{FAE04EC0-301F-11D3-BF4B-00C04F79EFBC}") = "ERPSchoolTesting", "Testing\ERPSchoolTesting.csproj", "{45F2AA8B-ADB7-460D-953B-7CA52E2C0588}"
EndProject
Project("{FAE04EC0-301F-11D3-BF4B-00C04F79EFBC}") = "ERPSchoolDomain", "Domain\ERPSchoolDomain.csproj", "{0320B488-9247-4F8A-938C-3418358858B2}"
EndProject
Project("{FAE04EC0-301F-11D3-BF4B-00C04F79EFBC}") = "ERPSchoolLogic", "Logic\ERPSchoolLogic.csproj", "{F7615243-8C9B-4505-A593-D9D592071E05}"
EndProject
Project("{FAE04EC0-301F-11D3-BF4B-00C04F79EFBC}") = "ERPSchoolRepository", "Repository\ERPSchoolRepository.csproj", "{3995B9DB-972D-4706-941C-9C9DB825239E}"
EndProject
Project("{FAE04EC0-301F-11D3-BF4B-00C04F79EFBC}") = "ERPSchoolExceptions", "Exceptions\ERPSchoolExceptions.csproj", "{115BA8EF-0B0E-4AE9-A576-A4145233618C}"
EndProject
Project("{FAE04EC0-301F-11D3-BF4B-00C04F79EFBC}") = "ERPSchoolModule", "Module\ERPSchoolModule.csproj", "{156F9A8D-C5C6-47A4-8102-8E6748B311DB}"
EndProject
Project("{FAE04EC0-301F-11D3-BF4B-00C04F79EFBC}") = "ERPSchoolValidators", "ERPSchoolValidators\ERPSchoolValidators.csproj", "{870895EE-A2DB-4141-8C56-A13BD4C47202}"
EndProject
Global
	GlobalSection(SolutionConfigurationPlatforms) = preSolution
		Debug|Any CPU = Debug|Any CPU
		Release|Any CPU = Release|Any CPU
	EndGlobalSection
	GlobalSection(ProjectConfigurationPlatforms) = postSolution
		{24E31082-B768-4B47-B8F7-3AB39027739E}.Debug|Any CPU.ActiveCfg = Debug|Any CPU
		{24E31082-B768-4B47-B8F7-3AB39027739E}.Debug|Any CPU.Build.0 = Debug|Any CPU
		{24E31082-B768-4B47-B8F7-3AB39027739E}.Release|Any CPU.ActiveCfg = Release|Any CPU
		{24E31082-B768-4B47-B8F7-3AB39027739E}.Release|Any CPU.Build.0 = Release|Any CPU
		{45F2AA8B-ADB7-460D-953B-7CA52E2C0588}.Debug|Any CPU.ActiveCfg = Debug|Any CPU
		{45F2AA8B-ADB7-460D-953B-7CA52E2C0588}.Debug|Any CPU.Build.0 = Debug|Any CPU
		{45F2AA8B-ADB7-460D-953B-7CA52E2C0588}.Release|Any CPU.ActiveCfg = Release|Any CPU
		{45F2AA8B-ADB7-460D-953B-7CA52E2C0588}.Release|Any CPU.Build.0 = Release|Any CPU
		{0320B488-9247-4F8A-938C-3418358858B2}.Debug|Any CPU.ActiveCfg = Debug|Any CPU
		{0320B488-9247-4F8A-938C-3418358858B2}.Debug|Any CPU.Build.0 = Debug|Any CPU
		{0320B488-9247-4F8A-938C-3418358858B2}.Release|Any CPU.ActiveCfg = Release|Any CPU
		{0320B488-9247-4F8A-938C-3418358858B2}.Release|Any CPU.Build.0 = Release|Any CPU
		{F7615243-8C9B-4505-A593-D9D592071E05}.Debug|Any CPU.ActiveCfg = Debug|Any CPU
		{F7615243-8C9B-4505-A593-D9D592071E05}.Debug|Any CPU.Build.0 = Debug|Any CPU
		{F7615243-8C9B-4505-A593-D9D592071E05}.Release|Any CPU.ActiveCfg = Release|Any CPU
		{F7615243-8C9B-4505-A593-D9D592071E05}.Release|Any CPU.Build.0 = Release|Any CPU
		{3995B9DB-972D-4706-941C-9C9DB825239E}.Debug|Any CPU.ActiveCfg = Debug|Any CPU
		{3995B9DB-972D-4706-941C-9C9DB825239E}.Debug|Any CPU.Build.0 = Debug|Any CPU
		{3995B9DB-972D-4706-941C-9C9DB825239E}.Release|Any CPU.ActiveCfg = Release|Any CPU
		{3995B9DB-972D-4706-941C-9C9DB825239E}.Release|Any CPU.Build.0 = Release|Any CPU
		{115BA8EF-0B0E-4AE9-A576-A4145233618C}.Debug|Any CPU.ActiveCfg = Debug|Any CPU
		{115BA8EF-0B0E-4AE9-A576-A4145233618C}.Debug|Any CPU.Build.0 = Debug|Any CPU
		{115BA8EF-0B0E-4AE9-A576-A4145233618C}.Release|Any CPU.ActiveCfg = Release|Any CPU
		{115BA8EF-0B0E-4AE9-A576-A4145233618C}.Release|Any CPU.Build.0 = Release|Any CPU
		{156F9A8D-C5C6-47A4-8102-8E6748B311DB}.Debug|Any CPU.ActiveCfg = Debug|Any CPU
		{156F9A8D-C5C6-47A4-8102-8E6748B311DB}.Debug|Any CPU.Build.0 = Debug|Any CPU
		{156F9A8D-C5C6-47A4-8102-8E6748B311DB}.Release|Any CPU.ActiveCfg = Release|Any CPU
		{156F9A8D-C5C6-47A4-8102-8E6748B311DB}.Release|Any CPU.Build.0 = Release|Any CPU
		{870895EE-A2DB-4141-8C56-A13BD4C47202}.Debug|Any CPU.ActiveCfg = Debug|Any CPU
		{870895EE-A2DB-4141-8C56-A13BD4C47202}.Debug|Any CPU.Build.0 = Debug|Any CPU
		{870895EE-A2DB-4141-8C56-A13BD4C47202}.Release|Any CPU.ActiveCfg = Release|Any CPU
		{870895EE-A2DB-4141-8C56-A13BD4C47202}.Release|Any CPU.Build.0 = Release|Any CPU
	EndGlobalSection
	GlobalSection(SolutionProperties) = preSolution
		HideSolutionNode = FALSE
	EndGlobalSection
EndGlobal
